
Microsoft Visual Studio Solution File, Format Version 12.00
# Visual Studio 2013
VisualStudioVersion = 12.0.21005.1
MinimumVisualStudioVersion = 10.0.40219.1
Project("{FAE04EC0-301F-11D3-BF4B-00C04F79EFBC}") = "BitBall", "BitBall\BitBall.csproj", "{52181C95-F207-44E4-9186-E56916830055}"
EndProject
Project("{FAE04EC0-301F-11D3-BF4B-00C04F79EFBC}") = "ExcelColumns", "ExcelColumns\ExcelColumns.csproj", "{39324EE1-CB14-4DBC-A947-A538B8E33274}"
EndProject
Project("{FAE04EC0-301F-11D3-BF4B-00C04F79EFBC}") = "A-Nacci", "A-Nacci\A-Nacci.csproj", "{A6AAA319-1D9F-478B-8249-11FE259A3C83}"
EndProject
Project("{FAE04EC0-301F-11D3-BF4B-00C04F79EFBC}") = "SevenlandNumbers", "SevenlandNumbers\SevenlandNumbers.csproj", "{9BBE66D3-7777-4918-AED1-57BD3332477C}"
EndProject
Project("{FAE04EC0-301F-11D3-BF4B-00C04F79EFBC}") = "CoffeeMachine", "CoffeeMachine\CoffeeMachine.csproj", "{42F9F4F3-38E6-4D51-9A6E-C33B4C9F31E0}"
EndProject
Project("{FAE04EC0-301F-11D3-BF4B-00C04F79EFBC}") = "DrunkenNumbers", "DrunkenNumbers\DrunkenNumbers.csproj", "{FBFF4119-9447-4FB2-BA16-BC76B6A8B055}"
EndProject
Project("{FAE04EC0-301F-11D3-BF4B-00C04F79EFBC}") = "BatGoikosTower", "BatGoikosTower\BatGoikosTower.csproj", "{945E345C-A6F9-49AB-AB46-E9D149DB7CC3}"
EndProject
Project("{FAE04EC0-301F-11D3-BF4B-00C04F79EFBC}") = "Sheets", "Sheets\Sheets.csproj", "{99F5426B-98CD-4617-BA3D-06E3A66700C5}"
EndProject
Project("{FAE04EC0-301F-11D3-BF4B-00C04F79EFBC}") = "Neurons", "Neurons\Neurons.csproj", "{F6669F0A-70A9-4F59-BF6D-4811E0F4029C}"
EndProject
Project("{FAE04EC0-301F-11D3-BF4B-00C04F79EFBC}") = "BullsAndCows", "BullsAndCows\BullsAndCows.csproj", "{0DE3E04B-3F0A-462C-9379-6A8DF1D506DC}"
EndProject
Project("{FAE04EC0-301F-11D3-BF4B-00C04F79EFBC}") = "Fire", "Fire\Fire.csproj", "{3F9E4E88-BA66-471C-9F31-301626CB3758}"
EndProject
Project("{FAE04EC0-301F-11D3-BF4B-00C04F79EFBC}") = "TelerikLogo", "TelerikLogo\TelerikLogo.csproj", "{94361FA8-BA35-439D-BD69-03C00E88658E}"
EndProject
Project("{FAE04EC0-301F-11D3-BF4B-00C04F79EFBC}") = "CoordinateSystem", "CoordinateSystem\CoordinateSystem.csproj", "{18BC3FE1-4782-4600-B267-46E31A4CD52E}"
EndProject
Project("{FAE04EC0-301F-11D3-BF4B-00C04F79EFBC}") = "MissCat2011", "MissCat2011\MissCat2011\MissCat2011.csproj", "{554D1151-A447-413F-8895-3398918A8C59}"
EndProject
Project("{FAE04EC0-301F-11D3-BF4B-00C04F79EFBC}") = "ForestRoad", "ForestRoad\ForestRoad.csproj", "{C9410264-8913-4BCC-A1A9-B51D52A944FB}"
EndProject
Project("{FAE04EC0-301F-11D3-BF4B-00C04F79EFBC}") = "BinaryDigitsCount", "BinaryDigitsCount\BinaryDigitsCount.csproj", "{6E632BAA-40AC-444C-AE2F-D132FECC4684}"
EndProject
Project("{FAE04EC0-301F-11D3-BF4B-00C04F79EFBC}") = "SubsetSums", "SubsetSums\SubsetSums.csproj", "{675D1074-B0C7-4735-ACD5-AF9A2A42B749}"
EndProject
Project("{FAE04EC0-301F-11D3-BF4B-00C04F79EFBC}") = "Garden", "Garden\Garden.csproj", "{286BD210-081C-472E-9D93-EBAD30C5C318}"
EndProject
Project("{FAE04EC0-301F-11D3-BF4B-00C04F79EFBC}") = "Secrets", "Secrets\Secrets.csproj", "{78BDE346-B3CC-4B98-8E1C-2E418F5E51AD}"
EndProject
Project("{FAE04EC0-301F-11D3-BF4B-00C04F79EFBC}") = "CardWars", "CardWars\CardWars.csproj", "{E88B521A-D52D-4AB1-BE2C-794FAED664BE}"
EndProject
Project("{FAE04EC0-301F-11D3-BF4B-00C04F79EFBC}") = "FallDownBitwise", "FallDown\FallDownBitwise.csproj", "{35E375D7-95D5-4B99-B697-38E2ACBF75AD}"
EndProject
Project("{FAE04EC0-301F-11D3-BF4B-00C04F79EFBC}") = "FallDownArrays", "FallDownWithArrays\FallDownArrays.csproj", "{21CC3118-C531-4379-BAAF-1D40ABCEB98A}"
EndProject
Project("{FAE04EC0-301F-11D3-BF4B-00C04F79EFBC}") = "FallDownArraySorting", "FallDownArraySorting\FallDownArraySorting.csproj", "{C45FBDC3-7455-43E0-9398-85B19F837C24}"
EndProject
Project("{FAE04EC0-301F-11D3-BF4B-00C04F79EFBC}") = "Carpets", "Carpets\Carpets.csproj", "{5257FF2B-D6F1-4413-86C8-E13366400F40}"
EndProject
Project("{FAE04EC0-301F-11D3-BF4B-00C04F79EFBC}") = "CarpetsWithIntArray", "carpetsWithIntArray\CarpetsWithIntArray.csproj", "{24DDC345-41E8-4C62-AFC7-DCAD9D2E8BCF}"
EndProject
Project("{FAE04EC0-301F-11D3-BF4B-00C04F79EFBC}") = "Bittris", "Bittris\Bittris.csproj", "{01BBAFD2-66DE-476A-8842-9151D63A34F6}"
EndProject
Project("{FAE04EC0-301F-11D3-BF4B-00C04F79EFBC}") = "NextDate", "NextDate\NextDate.csproj", "{41DF3343-9154-4542-8C74-C23E17113F58}"
EndProject
Project("{FAE04EC0-301F-11D3-BF4B-00C04F79EFBC}") = "TribonacciTriangle", "TribonacciTriangle\TribonacciTriangle.csproj", "{88549D4B-107C-496A-A99B-F7A800E1AA64}"
EndProject
Project("{FAE04EC0-301F-11D3-BF4B-00C04F79EFBC}") = "FormulaBit1", "FormulaBit1\FormulaBit1.csproj", "{FEAAD4E5-27C4-4C33-8F40-DC26B6CBBE64}"
EndProject
Project("{FAE04EC0-301F-11D3-BF4B-00C04F79EFBC}") = "LeastMajorityMultiple", "LeastMajorityMultiple\LeastMajorityMultiple.csproj", "{4EAA198D-6E6A-4862-B3A1-47C530BA26E8}"
EndProject
Project("{FAE04EC0-301F-11D3-BF4B-00C04F79EFBC}") = "Trapezoid", "Trapezoid\Trapezoid.csproj", "{F1BE4730-7BFB-4F4E-9DAD-A1DEBED56C52}"
EndProject
Project("{FAE04EC0-301F-11D3-BF4B-00C04F79EFBC}") = "OddNumber", "OddNumber\OddNumber.csproj", "{8499322A-2DED-4910-801F-875AF66C6781}"
EndProject
Project("{FAE04EC0-301F-11D3-BF4B-00C04F79EFBC}") = "FighterAttack", "FighterAttack\FighterAttack.csproj", "{DF51E5A4-2228-4BEB-86E2-4BD3A302B9BC}"
EndProject
Project("{FAE04EC0-301F-11D3-BF4B-00C04F79EFBC}") = "AstrologicalDigits", "AstrologicalDigits\AstrologicalDigits.csproj", "{64E6C4AE-9311-4AA9-9EF6-A32B6C03BBCA}"
EndProject
Project("{FAE04EC0-301F-11D3-BF4B-00C04F79EFBC}") = "SandGlass", "SandGlass\SandGlass.csproj", "{ABC80F1F-2900-4EF6-A928-9E207401575D}"
EndProject
Project("{FAE04EC0-301F-11D3-BF4B-00C04F79EFBC}") = "DancingBits", "DancingBits\DancingBits.csproj", "{36F11471-1678-4E8C-AE06-BB1C0B61FAF9}"
EndProject
Project("{FAE04EC0-301F-11D3-BF4B-00C04F79EFBC}") = "Lines", "Lines\Lines.csproj", "{3B358E09-C361-474D-91A6-801A432A4436}"
EndProject
Project("{FAE04EC0-301F-11D3-BF4B-00C04F79EFBC}") = "TripleRotationOfDigits", "TripleRotationOfDigits\TripleRotationOfDigits.csproj", "{A2357650-7573-4036-9250-5E0002B40788}"
EndProject
Project("{FAE04EC0-301F-11D3-BF4B-00C04F79EFBC}") = "QuadronacciRectangle", "QuadronacciRectangle\QuadronacciRectangle.csproj", "{03ED6493-D2C9-4C79-AB86-637CF24E889A}"
EndProject
Project("{FAE04EC0-301F-11D3-BF4B-00C04F79EFBC}") = "Poker", "Poker\Poker.csproj", "{AC06F2FA-E0B0-48B1-9C57-5C11A799D7DB}"
EndProject
Project("{FAE04EC0-301F-11D3-BF4B-00C04F79EFBC}") = "UKFlag", "UKFlag\UKFlag.csproj", "{C5CE840F-6E3A-47D0-8CE2-B5F1839CF2BE}"
EndProject
Project("{FAE04EC0-301F-11D3-BF4B-00C04F79EFBC}") = "AngryBits", "AngryBits\AngryBits.csproj", "{3296222F-4979-41F7-8A4F-87BD9FDF323A}"
EndProject
Project("{FAE04EC0-301F-11D3-BF4B-00C04F79EFBC}") = "AmericanPie", "AmericanPie\AmericanPie.csproj", "{F9AAEEE1-DCDE-42B7-B119-4D6F8F0934FF}"
EndProject
Project("{FAE04EC0-301F-11D3-BF4B-00C04F79EFBC}") = "ApplesOrOranges", "ApplesOrOranges\ApplesOrOranges.csproj", "{E448F87E-2036-4BC8-8B9F-24E3D76AC724}"
EndProject
Project("{FAE04EC0-301F-11D3-BF4B-00C04F79EFBC}") = "BinaryDigits", "BinaryDigits\BinaryDigits.csproj", "{5C5CCA29-8FA9-41DF-A1B8-4995084CDD09}"
EndProject
Project("{FAE04EC0-301F-11D3-BF4B-00C04F79EFBC}") = "EasterMister", "EasterMister\EasterMister.csproj", "{DC6D42B0-E301-4103-9EF7-86A2C41B6E2D}"
EndProject
Project("{FAE04EC0-301F-11D3-BF4B-00C04F79EFBC}") = "BitTowerOfDoom", "BitTowerOfDoom\BitTowerOfDoom.csproj", "{3E42AB1D-8F7F-4882-A8C6-92B4CEBE3A78}"
EndProject
Project("{FAE04EC0-301F-11D3-BF4B-00C04F79EFBC}") = "PeaceOfCake", "PeaceOfCake\PeaceOfCake.csproj", "{A29CEE57-AFC8-4B9E-8400-F20B5A556714}"
EndProject
Project("{FAE04EC0-301F-11D3-BF4B-00C04F79EFBC}") = "AngryFemaleGPS", "AngryFemaleGPS\AngryFemaleGPS.csproj", "{0B96D82A-B1CA-4FD7-9FB4-621B3945529C}"
EndProject
Project("{FAE04EC0-301F-11D3-BF4B-00C04F79EFBC}") = "OnesAndZeros", "OnesAndZeros\OnesAndZeros.csproj", "{B144D6AB-BFAB-415A-B3E0-8672DEF57B06}"
EndProject
Project("{FAE04EC0-301F-11D3-BF4B-00C04F79EFBC}") = "Eggcelent", "Eggcelent\Eggcelent.csproj", "{90C769C0-35B2-4EAA-820B-239945006999}"
EndProject
Project("{FAE04EC0-301F-11D3-BF4B-00C04F79EFBC}") = "NaBabaMiSmetalnika", "NaBabaMiSmetalnika\NaBabaMiSmetalnika.csproj", "{75077B21-B61A-4195-9872-07FD25F1A3C4}"
EndProject
Project("{FAE04EC0-301F-11D3-BF4B-00C04F79EFBC}") = "A-Nacci-2", "A-Nacci-2\A-Nacci-2.csproj", "{E66922E5-BAED-4E22-842A-EFD148DA9385}"
EndProject
Global
	GlobalSection(SolutionConfigurationPlatforms) = preSolution
		Debug|Any CPU = Debug|Any CPU
		Release|Any CPU = Release|Any CPU
	EndGlobalSection
	GlobalSection(ProjectConfigurationPlatforms) = postSolution
		{52181C95-F207-44E4-9186-E56916830055}.Debug|Any CPU.ActiveCfg = Debug|Any CPU
		{52181C95-F207-44E4-9186-E56916830055}.Debug|Any CPU.Build.0 = Debug|Any CPU
		{52181C95-F207-44E4-9186-E56916830055}.Release|Any CPU.ActiveCfg = Release|Any CPU
		{52181C95-F207-44E4-9186-E56916830055}.Release|Any CPU.Build.0 = Release|Any CPU
		{39324EE1-CB14-4DBC-A947-A538B8E33274}.Debug|Any CPU.ActiveCfg = Debug|Any CPU
		{39324EE1-CB14-4DBC-A947-A538B8E33274}.Debug|Any CPU.Build.0 = Debug|Any CPU
		{39324EE1-CB14-4DBC-A947-A538B8E33274}.Release|Any CPU.ActiveCfg = Release|Any CPU
		{39324EE1-CB14-4DBC-A947-A538B8E33274}.Release|Any CPU.Build.0 = Release|Any CPU
		{A6AAA319-1D9F-478B-8249-11FE259A3C83}.Debug|Any CPU.ActiveCfg = Debug|Any CPU
		{A6AAA319-1D9F-478B-8249-11FE259A3C83}.Debug|Any CPU.Build.0 = Debug|Any CPU
		{A6AAA319-1D9F-478B-8249-11FE259A3C83}.Release|Any CPU.ActiveCfg = Release|Any CPU
		{A6AAA319-1D9F-478B-8249-11FE259A3C83}.Release|Any CPU.Build.0 = Release|Any CPU
		{9BBE66D3-7777-4918-AED1-57BD3332477C}.Debug|Any CPU.ActiveCfg = Debug|Any CPU
		{9BBE66D3-7777-4918-AED1-57BD3332477C}.Debug|Any CPU.Build.0 = Debug|Any CPU
		{9BBE66D3-7777-4918-AED1-57BD3332477C}.Release|Any CPU.ActiveCfg = Release|Any CPU
		{9BBE66D3-7777-4918-AED1-57BD3332477C}.Release|Any CPU.Build.0 = Release|Any CPU
		{42F9F4F3-38E6-4D51-9A6E-C33B4C9F31E0}.Debug|Any CPU.ActiveCfg = Debug|Any CPU
		{42F9F4F3-38E6-4D51-9A6E-C33B4C9F31E0}.Debug|Any CPU.Build.0 = Debug|Any CPU
		{42F9F4F3-38E6-4D51-9A6E-C33B4C9F31E0}.Release|Any CPU.ActiveCfg = Release|Any CPU
		{42F9F4F3-38E6-4D51-9A6E-C33B4C9F31E0}.Release|Any CPU.Build.0 = Release|Any CPU
		{FBFF4119-9447-4FB2-BA16-BC76B6A8B055}.Debug|Any CPU.ActiveCfg = Debug|Any CPU
		{FBFF4119-9447-4FB2-BA16-BC76B6A8B055}.Debug|Any CPU.Build.0 = Debug|Any CPU
		{FBFF4119-9447-4FB2-BA16-BC76B6A8B055}.Release|Any CPU.ActiveCfg = Release|Any CPU
		{FBFF4119-9447-4FB2-BA16-BC76B6A8B055}.Release|Any CPU.Build.0 = Release|Any CPU
		{945E345C-A6F9-49AB-AB46-E9D149DB7CC3}.Debug|Any CPU.ActiveCfg = Debug|Any CPU
		{945E345C-A6F9-49AB-AB46-E9D149DB7CC3}.Debug|Any CPU.Build.0 = Debug|Any CPU
		{945E345C-A6F9-49AB-AB46-E9D149DB7CC3}.Release|Any CPU.ActiveCfg = Release|Any CPU
		{945E345C-A6F9-49AB-AB46-E9D149DB7CC3}.Release|Any CPU.Build.0 = Release|Any CPU
		{99F5426B-98CD-4617-BA3D-06E3A66700C5}.Debug|Any CPU.ActiveCfg = Debug|Any CPU
		{99F5426B-98CD-4617-BA3D-06E3A66700C5}.Debug|Any CPU.Build.0 = Debug|Any CPU
		{99F5426B-98CD-4617-BA3D-06E3A66700C5}.Release|Any CPU.ActiveCfg = Release|Any CPU
		{99F5426B-98CD-4617-BA3D-06E3A66700C5}.Release|Any CPU.Build.0 = Release|Any CPU
		{F6669F0A-70A9-4F59-BF6D-4811E0F4029C}.Debug|Any CPU.ActiveCfg = Debug|Any CPU
		{F6669F0A-70A9-4F59-BF6D-4811E0F4029C}.Debug|Any CPU.Build.0 = Debug|Any CPU
		{F6669F0A-70A9-4F59-BF6D-4811E0F4029C}.Release|Any CPU.ActiveCfg = Release|Any CPU
		{F6669F0A-70A9-4F59-BF6D-4811E0F4029C}.Release|Any CPU.Build.0 = Release|Any CPU
		{0DE3E04B-3F0A-462C-9379-6A8DF1D506DC}.Debug|Any CPU.ActiveCfg = Debug|Any CPU
		{0DE3E04B-3F0A-462C-9379-6A8DF1D506DC}.Debug|Any CPU.Build.0 = Debug|Any CPU
		{0DE3E04B-3F0A-462C-9379-6A8DF1D506DC}.Release|Any CPU.ActiveCfg = Release|Any CPU
		{0DE3E04B-3F0A-462C-9379-6A8DF1D506DC}.Release|Any CPU.Build.0 = Release|Any CPU
		{3F9E4E88-BA66-471C-9F31-301626CB3758}.Debug|Any CPU.ActiveCfg = Debug|Any CPU
		{3F9E4E88-BA66-471C-9F31-301626CB3758}.Debug|Any CPU.Build.0 = Debug|Any CPU
		{3F9E4E88-BA66-471C-9F31-301626CB3758}.Release|Any CPU.ActiveCfg = Release|Any CPU
		{3F9E4E88-BA66-471C-9F31-301626CB3758}.Release|Any CPU.Build.0 = Release|Any CPU
		{94361FA8-BA35-439D-BD69-03C00E88658E}.Debug|Any CPU.ActiveCfg = Debug|Any CPU
		{94361FA8-BA35-439D-BD69-03C00E88658E}.Debug|Any CPU.Build.0 = Debug|Any CPU
		{94361FA8-BA35-439D-BD69-03C00E88658E}.Release|Any CPU.ActiveCfg = Release|Any CPU
		{94361FA8-BA35-439D-BD69-03C00E88658E}.Release|Any CPU.Build.0 = Release|Any CPU
		{18BC3FE1-4782-4600-B267-46E31A4CD52E}.Debug|Any CPU.ActiveCfg = Debug|Any CPU
		{18BC3FE1-4782-4600-B267-46E31A4CD52E}.Debug|Any CPU.Build.0 = Debug|Any CPU
		{18BC3FE1-4782-4600-B267-46E31A4CD52E}.Release|Any CPU.ActiveCfg = Release|Any CPU
		{18BC3FE1-4782-4600-B267-46E31A4CD52E}.Release|Any CPU.Build.0 = Release|Any CPU
		{554D1151-A447-413F-8895-3398918A8C59}.Debug|Any CPU.ActiveCfg = Debug|Any CPU
		{554D1151-A447-413F-8895-3398918A8C59}.Debug|Any CPU.Build.0 = Debug|Any CPU
		{554D1151-A447-413F-8895-3398918A8C59}.Release|Any CPU.ActiveCfg = Release|Any CPU
		{554D1151-A447-413F-8895-3398918A8C59}.Release|Any CPU.Build.0 = Release|Any CPU
		{C9410264-8913-4BCC-A1A9-B51D52A944FB}.Debug|Any CPU.ActiveCfg = Debug|Any CPU
		{C9410264-8913-4BCC-A1A9-B51D52A944FB}.Debug|Any CPU.Build.0 = Debug|Any CPU
		{C9410264-8913-4BCC-A1A9-B51D52A944FB}.Release|Any CPU.ActiveCfg = Release|Any CPU
		{C9410264-8913-4BCC-A1A9-B51D52A944FB}.Release|Any CPU.Build.0 = Release|Any CPU
		{6E632BAA-40AC-444C-AE2F-D132FECC4684}.Debug|Any CPU.ActiveCfg = Debug|Any CPU
		{6E632BAA-40AC-444C-AE2F-D132FECC4684}.Debug|Any CPU.Build.0 = Debug|Any CPU
		{6E632BAA-40AC-444C-AE2F-D132FECC4684}.Release|Any CPU.ActiveCfg = Release|Any CPU
		{6E632BAA-40AC-444C-AE2F-D132FECC4684}.Release|Any CPU.Build.0 = Release|Any CPU
		{675D1074-B0C7-4735-ACD5-AF9A2A42B749}.Debug|Any CPU.ActiveCfg = Debug|Any CPU
		{675D1074-B0C7-4735-ACD5-AF9A2A42B749}.Debug|Any CPU.Build.0 = Debug|Any CPU
		{675D1074-B0C7-4735-ACD5-AF9A2A42B749}.Release|Any CPU.ActiveCfg = Release|Any CPU
		{675D1074-B0C7-4735-ACD5-AF9A2A42B749}.Release|Any CPU.Build.0 = Release|Any CPU
		{286BD210-081C-472E-9D93-EBAD30C5C318}.Debug|Any CPU.ActiveCfg = Debug|Any CPU
		{286BD210-081C-472E-9D93-EBAD30C5C318}.Debug|Any CPU.Build.0 = Debug|Any CPU
		{286BD210-081C-472E-9D93-EBAD30C5C318}.Release|Any CPU.ActiveCfg = Release|Any CPU
		{286BD210-081C-472E-9D93-EBAD30C5C318}.Release|Any CPU.Build.0 = Release|Any CPU
		{78BDE346-B3CC-4B98-8E1C-2E418F5E51AD}.Debug|Any CPU.ActiveCfg = Debug|Any CPU
		{78BDE346-B3CC-4B98-8E1C-2E418F5E51AD}.Debug|Any CPU.Build.0 = Debug|Any CPU
		{78BDE346-B3CC-4B98-8E1C-2E418F5E51AD}.Release|Any CPU.ActiveCfg = Release|Any CPU
		{78BDE346-B3CC-4B98-8E1C-2E418F5E51AD}.Release|Any CPU.Build.0 = Release|Any CPU
		{E88B521A-D52D-4AB1-BE2C-794FAED664BE}.Debug|Any CPU.ActiveCfg = Debug|Any CPU
		{E88B521A-D52D-4AB1-BE2C-794FAED664BE}.Debug|Any CPU.Build.0 = Debug|Any CPU
		{E88B521A-D52D-4AB1-BE2C-794FAED664BE}.Release|Any CPU.ActiveCfg = Release|Any CPU
		{E88B521A-D52D-4AB1-BE2C-794FAED664BE}.Release|Any CPU.Build.0 = Release|Any CPU
		{35E375D7-95D5-4B99-B697-38E2ACBF75AD}.Debug|Any CPU.ActiveCfg = Debug|Any CPU
		{35E375D7-95D5-4B99-B697-38E2ACBF75AD}.Debug|Any CPU.Build.0 = Debug|Any CPU
		{35E375D7-95D5-4B99-B697-38E2ACBF75AD}.Release|Any CPU.ActiveCfg = Release|Any CPU
		{35E375D7-95D5-4B99-B697-38E2ACBF75AD}.Release|Any CPU.Build.0 = Release|Any CPU
		{21CC3118-C531-4379-BAAF-1D40ABCEB98A}.Debug|Any CPU.ActiveCfg = Debug|Any CPU
		{21CC3118-C531-4379-BAAF-1D40ABCEB98A}.Debug|Any CPU.Build.0 = Debug|Any CPU
		{21CC3118-C531-4379-BAAF-1D40ABCEB98A}.Release|Any CPU.ActiveCfg = Release|Any CPU
		{21CC3118-C531-4379-BAAF-1D40ABCEB98A}.Release|Any CPU.Build.0 = Release|Any CPU
		{C45FBDC3-7455-43E0-9398-85B19F837C24}.Debug|Any CPU.ActiveCfg = Debug|Any CPU
		{C45FBDC3-7455-43E0-9398-85B19F837C24}.Debug|Any CPU.Build.0 = Debug|Any CPU
		{C45FBDC3-7455-43E0-9398-85B19F837C24}.Release|Any CPU.ActiveCfg = Release|Any CPU
		{C45FBDC3-7455-43E0-9398-85B19F837C24}.Release|Any CPU.Build.0 = Release|Any CPU
		{5257FF2B-D6F1-4413-86C8-E13366400F40}.Debug|Any CPU.ActiveCfg = Debug|Any CPU
		{5257FF2B-D6F1-4413-86C8-E13366400F40}.Debug|Any CPU.Build.0 = Debug|Any CPU
		{5257FF2B-D6F1-4413-86C8-E13366400F40}.Release|Any CPU.ActiveCfg = Release|Any CPU
		{5257FF2B-D6F1-4413-86C8-E13366400F40}.Release|Any CPU.Build.0 = Release|Any CPU
		{24DDC345-41E8-4C62-AFC7-DCAD9D2E8BCF}.Debug|Any CPU.ActiveCfg = Debug|Any CPU
		{24DDC345-41E8-4C62-AFC7-DCAD9D2E8BCF}.Debug|Any CPU.Build.0 = Debug|Any CPU
		{24DDC345-41E8-4C62-AFC7-DCAD9D2E8BCF}.Release|Any CPU.ActiveCfg = Release|Any CPU
		{24DDC345-41E8-4C62-AFC7-DCAD9D2E8BCF}.Release|Any CPU.Build.0 = Release|Any CPU
		{01BBAFD2-66DE-476A-8842-9151D63A34F6}.Debug|Any CPU.ActiveCfg = Debug|Any CPU
		{01BBAFD2-66DE-476A-8842-9151D63A34F6}.Debug|Any CPU.Build.0 = Debug|Any CPU
		{01BBAFD2-66DE-476A-8842-9151D63A34F6}.Release|Any CPU.ActiveCfg = Release|Any CPU
		{01BBAFD2-66DE-476A-8842-9151D63A34F6}.Release|Any CPU.Build.0 = Release|Any CPU
		{41DF3343-9154-4542-8C74-C23E17113F58}.Debug|Any CPU.ActiveCfg = Debug|Any CPU
		{41DF3343-9154-4542-8C74-C23E17113F58}.Debug|Any CPU.Build.0 = Debug|Any CPU
		{41DF3343-9154-4542-8C74-C23E17113F58}.Release|Any CPU.ActiveCfg = Release|Any CPU
		{41DF3343-9154-4542-8C74-C23E17113F58}.Release|Any CPU.Build.0 = Release|Any CPU
		{88549D4B-107C-496A-A99B-F7A800E1AA64}.Debug|Any CPU.ActiveCfg = Debug|Any CPU
		{88549D4B-107C-496A-A99B-F7A800E1AA64}.Debug|Any CPU.Build.0 = Debug|Any CPU
		{88549D4B-107C-496A-A99B-F7A800E1AA64}.Release|Any CPU.ActiveCfg = Release|Any CPU
		{88549D4B-107C-496A-A99B-F7A800E1AA64}.Release|Any CPU.Build.0 = Release|Any CPU
		{FEAAD4E5-27C4-4C33-8F40-DC26B6CBBE64}.Debug|Any CPU.ActiveCfg = Debug|Any CPU
		{FEAAD4E5-27C4-4C33-8F40-DC26B6CBBE64}.Debug|Any CPU.Build.0 = Debug|Any CPU
		{FEAAD4E5-27C4-4C33-8F40-DC26B6CBBE64}.Release|Any CPU.ActiveCfg = Release|Any CPU
		{FEAAD4E5-27C4-4C33-8F40-DC26B6CBBE64}.Release|Any CPU.Build.0 = Release|Any CPU
		{4EAA198D-6E6A-4862-B3A1-47C530BA26E8}.Debug|Any CPU.ActiveCfg = Debug|Any CPU
		{4EAA198D-6E6A-4862-B3A1-47C530BA26E8}.Debug|Any CPU.Build.0 = Debug|Any CPU
		{4EAA198D-6E6A-4862-B3A1-47C530BA26E8}.Release|Any CPU.ActiveCfg = Release|Any CPU
		{4EAA198D-6E6A-4862-B3A1-47C530BA26E8}.Release|Any CPU.Build.0 = Release|Any CPU
		{F1BE4730-7BFB-4F4E-9DAD-A1DEBED56C52}.Debug|Any CPU.ActiveCfg = Debug|Any CPU
		{F1BE4730-7BFB-4F4E-9DAD-A1DEBED56C52}.Debug|Any CPU.Build.0 = Debug|Any CPU
		{F1BE4730-7BFB-4F4E-9DAD-A1DEBED56C52}.Release|Any CPU.ActiveCfg = Release|Any CPU
		{F1BE4730-7BFB-4F4E-9DAD-A1DEBED56C52}.Release|Any CPU.Build.0 = Release|Any CPU
		{8499322A-2DED-4910-801F-875AF66C6781}.Debug|Any CPU.ActiveCfg = Debug|Any CPU
		{8499322A-2DED-4910-801F-875AF66C6781}.Debug|Any CPU.Build.0 = Debug|Any CPU
		{8499322A-2DED-4910-801F-875AF66C6781}.Release|Any CPU.ActiveCfg = Release|Any CPU
		{8499322A-2DED-4910-801F-875AF66C6781}.Release|Any CPU.Build.0 = Release|Any CPU
		{DF51E5A4-2228-4BEB-86E2-4BD3A302B9BC}.Debug|Any CPU.ActiveCfg = Debug|Any CPU
		{DF51E5A4-2228-4BEB-86E2-4BD3A302B9BC}.Debug|Any CPU.Build.0 = Debug|Any CPU
		{DF51E5A4-2228-4BEB-86E2-4BD3A302B9BC}.Release|Any CPU.ActiveCfg = Release|Any CPU
		{DF51E5A4-2228-4BEB-86E2-4BD3A302B9BC}.Release|Any CPU.Build.0 = Release|Any CPU
		{64E6C4AE-9311-4AA9-9EF6-A32B6C03BBCA}.Debug|Any CPU.ActiveCfg = Debug|Any CPU
		{64E6C4AE-9311-4AA9-9EF6-A32B6C03BBCA}.Debug|Any CPU.Build.0 = Debug|Any CPU
		{64E6C4AE-9311-4AA9-9EF6-A32B6C03BBCA}.Release|Any CPU.ActiveCfg = Release|Any CPU
		{64E6C4AE-9311-4AA9-9EF6-A32B6C03BBCA}.Release|Any CPU.Build.0 = Release|Any CPU
		{ABC80F1F-2900-4EF6-A928-9E207401575D}.Debug|Any CPU.ActiveCfg = Debug|Any CPU
		{ABC80F1F-2900-4EF6-A928-9E207401575D}.Debug|Any CPU.Build.0 = Debug|Any CPU
		{ABC80F1F-2900-4EF6-A928-9E207401575D}.Release|Any CPU.ActiveCfg = Release|Any CPU
		{ABC80F1F-2900-4EF6-A928-9E207401575D}.Release|Any CPU.Build.0 = Release|Any CPU
		{36F11471-1678-4E8C-AE06-BB1C0B61FAF9}.Debug|Any CPU.ActiveCfg = Debug|Any CPU
		{36F11471-1678-4E8C-AE06-BB1C0B61FAF9}.Debug|Any CPU.Build.0 = Debug|Any CPU
		{36F11471-1678-4E8C-AE06-BB1C0B61FAF9}.Release|Any CPU.ActiveCfg = Release|Any CPU
		{36F11471-1678-4E8C-AE06-BB1C0B61FAF9}.Release|Any CPU.Build.0 = Release|Any CPU
		{3B358E09-C361-474D-91A6-801A432A4436}.Debug|Any CPU.ActiveCfg = Debug|Any CPU
		{3B358E09-C361-474D-91A6-801A432A4436}.Debug|Any CPU.Build.0 = Debug|Any CPU
		{3B358E09-C361-474D-91A6-801A432A4436}.Release|Any CPU.ActiveCfg = Release|Any CPU
		{3B358E09-C361-474D-91A6-801A432A4436}.Release|Any CPU.Build.0 = Release|Any CPU
		{A2357650-7573-4036-9250-5E0002B40788}.Debug|Any CPU.ActiveCfg = Debug|Any CPU
		{A2357650-7573-4036-9250-5E0002B40788}.Debug|Any CPU.Build.0 = Debug|Any CPU
		{A2357650-7573-4036-9250-5E0002B40788}.Release|Any CPU.ActiveCfg = Release|Any CPU
		{A2357650-7573-4036-9250-5E0002B40788}.Release|Any CPU.Build.0 = Release|Any CPU
		{03ED6493-D2C9-4C79-AB86-637CF24E889A}.Debug|Any CPU.ActiveCfg = Debug|Any CPU
		{03ED6493-D2C9-4C79-AB86-637CF24E889A}.Debug|Any CPU.Build.0 = Debug|Any CPU
		{03ED6493-D2C9-4C79-AB86-637CF24E889A}.Release|Any CPU.ActiveCfg = Release|Any CPU
		{03ED6493-D2C9-4C79-AB86-637CF24E889A}.Release|Any CPU.Build.0 = Release|Any CPU
		{AC06F2FA-E0B0-48B1-9C57-5C11A799D7DB}.Debug|Any CPU.ActiveCfg = Debug|Any CPU
		{AC06F2FA-E0B0-48B1-9C57-5C11A799D7DB}.Debug|Any CPU.Build.0 = Debug|Any CPU
		{AC06F2FA-E0B0-48B1-9C57-5C11A799D7DB}.Release|Any CPU.ActiveCfg = Release|Any CPU
		{AC06F2FA-E0B0-48B1-9C57-5C11A799D7DB}.Release|Any CPU.Build.0 = Release|Any CPU
		{C5CE840F-6E3A-47D0-8CE2-B5F1839CF2BE}.Debug|Any CPU.ActiveCfg = Debug|Any CPU
		{C5CE840F-6E3A-47D0-8CE2-B5F1839CF2BE}.Debug|Any CPU.Build.0 = Debug|Any CPU
		{C5CE840F-6E3A-47D0-8CE2-B5F1839CF2BE}.Release|Any CPU.ActiveCfg = Release|Any CPU
		{C5CE840F-6E3A-47D0-8CE2-B5F1839CF2BE}.Release|Any CPU.Build.0 = Release|Any CPU
		{3296222F-4979-41F7-8A4F-87BD9FDF323A}.Debug|Any CPU.ActiveCfg = Debug|Any CPU
		{3296222F-4979-41F7-8A4F-87BD9FDF323A}.Debug|Any CPU.Build.0 = Debug|Any CPU
		{3296222F-4979-41F7-8A4F-87BD9FDF323A}.Release|Any CPU.ActiveCfg = Release|Any CPU
		{3296222F-4979-41F7-8A4F-87BD9FDF323A}.Release|Any CPU.Build.0 = Release|Any CPU
		{F9AAEEE1-DCDE-42B7-B119-4D6F8F0934FF}.Debug|Any CPU.ActiveCfg = Debug|Any CPU
		{F9AAEEE1-DCDE-42B7-B119-4D6F8F0934FF}.Debug|Any CPU.Build.0 = Debug|Any CPU
		{F9AAEEE1-DCDE-42B7-B119-4D6F8F0934FF}.Release|Any CPU.ActiveCfg = Release|Any CPU
		{F9AAEEE1-DCDE-42B7-B119-4D6F8F0934FF}.Release|Any CPU.Build.0 = Release|Any CPU
		{E448F87E-2036-4BC8-8B9F-24E3D76AC724}.Debug|Any CPU.ActiveCfg = Debug|Any CPU
		{E448F87E-2036-4BC8-8B9F-24E3D76AC724}.Debug|Any CPU.Build.0 = Debug|Any CPU
		{E448F87E-2036-4BC8-8B9F-24E3D76AC724}.Release|Any CPU.ActiveCfg = Release|Any CPU
		{E448F87E-2036-4BC8-8B9F-24E3D76AC724}.Release|Any CPU.Build.0 = Release|Any CPU
		{5C5CCA29-8FA9-41DF-A1B8-4995084CDD09}.Debug|Any CPU.ActiveCfg = Debug|Any CPU
		{5C5CCA29-8FA9-41DF-A1B8-4995084CDD09}.Debug|Any CPU.Build.0 = Debug|Any CPU
		{5C5CCA29-8FA9-41DF-A1B8-4995084CDD09}.Release|Any CPU.ActiveCfg = Release|Any CPU
		{5C5CCA29-8FA9-41DF-A1B8-4995084CDD09}.Release|Any CPU.Build.0 = Release|Any CPU
		{DC6D42B0-E301-4103-9EF7-86A2C41B6E2D}.Debug|Any CPU.ActiveCfg = Debug|Any CPU
		{DC6D42B0-E301-4103-9EF7-86A2C41B6E2D}.Debug|Any CPU.Build.0 = Debug|Any CPU
		{DC6D42B0-E301-4103-9EF7-86A2C41B6E2D}.Release|Any CPU.ActiveCfg = Release|Any CPU
		{DC6D42B0-E301-4103-9EF7-86A2C41B6E2D}.Release|Any CPU.Build.0 = Release|Any CPU
		{3E42AB1D-8F7F-4882-A8C6-92B4CEBE3A78}.Debug|Any CPU.ActiveCfg = Debug|Any CPU
		{3E42AB1D-8F7F-4882-A8C6-92B4CEBE3A78}.Debug|Any CPU.Build.0 = Debug|Any CPU
		{3E42AB1D-8F7F-4882-A8C6-92B4CEBE3A78}.Release|Any CPU.ActiveCfg = Release|Any CPU
		{3E42AB1D-8F7F-4882-A8C6-92B4CEBE3A78}.Release|Any CPU.Build.0 = Release|Any CPU
		{A29CEE57-AFC8-4B9E-8400-F20B5A556714}.Debug|Any CPU.ActiveCfg = Debug|Any CPU
		{A29CEE57-AFC8-4B9E-8400-F20B5A556714}.Debug|Any CPU.Build.0 = Debug|Any CPU
		{A29CEE57-AFC8-4B9E-8400-F20B5A556714}.Release|Any CPU.ActiveCfg = Release|Any CPU
		{A29CEE57-AFC8-4B9E-8400-F20B5A556714}.Release|Any CPU.Build.0 = Release|Any CPU
		{0B96D82A-B1CA-4FD7-9FB4-621B3945529C}.Debug|Any CPU.ActiveCfg = Debug|Any CPU
		{0B96D82A-B1CA-4FD7-9FB4-621B3945529C}.Debug|Any CPU.Build.0 = Debug|Any CPU
		{0B96D82A-B1CA-4FD7-9FB4-621B3945529C}.Release|Any CPU.ActiveCfg = Release|Any CPU
		{0B96D82A-B1CA-4FD7-9FB4-621B3945529C}.Release|Any CPU.Build.0 = Release|Any CPU
		{B144D6AB-BFAB-415A-B3E0-8672DEF57B06}.Debug|Any CPU.ActiveCfg = Debug|Any CPU
		{B144D6AB-BFAB-415A-B3E0-8672DEF57B06}.Debug|Any CPU.Build.0 = Debug|Any CPU
		{B144D6AB-BFAB-415A-B3E0-8672DEF57B06}.Release|Any CPU.ActiveCfg = Release|Any CPU
		{B144D6AB-BFAB-415A-B3E0-8672DEF57B06}.Release|Any CPU.Build.0 = Release|Any CPU
		{90C769C0-35B2-4EAA-820B-239945006999}.Debug|Any CPU.ActiveCfg = Debug|Any CPU
		{90C769C0-35B2-4EAA-820B-239945006999}.Debug|Any CPU.Build.0 = Debug|Any CPU
		{90C769C0-35B2-4EAA-820B-239945006999}.Release|Any CPU.ActiveCfg = Release|Any CPU
		{90C769C0-35B2-4EAA-820B-239945006999}.Release|Any CPU.Build.0 = Release|Any CPU
		{75077B21-B61A-4195-9872-07FD25F1A3C4}.Debug|Any CPU.ActiveCfg = Debug|Any CPU
		{75077B21-B61A-4195-9872-07FD25F1A3C4}.Debug|Any CPU.Build.0 = Debug|Any CPU
		{75077B21-B61A-4195-9872-07FD25F1A3C4}.Release|Any CPU.ActiveCfg = Release|Any CPU
		{75077B21-B61A-4195-9872-07FD25F1A3C4}.Release|Any CPU.Build.0 = Release|Any CPU
		{E66922E5-BAED-4E22-842A-EFD148DA9385}.Debug|Any CPU.ActiveCfg = Debug|Any CPU
		{E66922E5-BAED-4E22-842A-EFD148DA9385}.Debug|Any CPU.Build.0 = Debug|Any CPU
		{E66922E5-BAED-4E22-842A-EFD148DA9385}.Release|Any CPU.ActiveCfg = Release|Any CPU
		{E66922E5-BAED-4E22-842A-EFD148DA9385}.Release|Any CPU.Build.0 = Release|Any CPU
	EndGlobalSection
	GlobalSection(SolutionProperties) = preSolution
		HideSolutionNode = FALSE
	EndGlobalSection
EndGlobal
